{
    "hash": "cbf4f8ef55fd1037e7133e2fdd384a94",
    "packages": [
        {
            "name": "herrera-io/file-locator",
            "version": "1.0.0",
            "source": {
                "type": "git",
                "url": "https://github.com/herrera-io/php-file-locator.git",
                "reference": "1.0.0"
            },
            "dist": {
                "type": "zip",
                "url": "https://github.com/herrera-io/php-file-locator/archive/1.0.0.zip",
                "reference": "1.0.0",
                "shasum": ""
            },
            "require": {
                "php": ">=5.3.3"
            },
            "time": "2013-01-16 19:23:05",
            "type": "library",
            "extra": {
                "branch-alias": {
                    "dev-master": "1.0-dev"
                }
            },
            "installation-source": "dist",
            "autoload": {
                "psr-0": {
                    "Herrera\\FileLocator": "src/lib"
                }
            },
            "notification-url": "https://packagist.org/downloads/",
            "license": [
                "MIT"
            ],
            "authors": [
                {
                    "name": "Kevin Herrera",
                    "email": "kevin@herrera.io",
                    "homepage": "http://kevin.herrera.io"
                }
            ],
            "description": "A simple file locator library.",
            "homepage": "https://herrera-io.github.com/php-file-locator",
            "keywords": [
                "file",
                "locator"
            ]
        },
        {
            "name": "herrera-io/template",
            "version": "1.1.0",
            "source": {
                "type": "git",
                "url": "https://github.com/herrera-io/php-template.git",
                "reference": "1.1.0"
            },
            "dist": {
                "type": "zip",
                "url": "https://github.com/herrera-io/php-template/archive/1.1.0.zip",
                "reference": "1.1.0",
                "shasum": ""
            },
            "require": {
                "php": ">=5.3.3",
                "herrera-io/file-locator": "1.*"
            },
            "time": "2013-01-19 00:34:52",
            "type": "library",
            "extra": {
                "branch-alias": {
                    "dev-master": "1.0-dev"
                }
            },
            "installation-source": "dist",
            "autoload": {
                "psr-0": {
                    "Herrera\\Template": "src/lib"
                }
            },
            "notification-url": "https://packagist.org/downloads/",
            "license": [
                "MIT"
            ],
            "authors": [
                {
                    "name": "Kevin Herrera",
                    "email": "kevin@herrera.io",
                    "homepage": "http://kevin.herrera.io"
                }
            ],
            "description": "A simple templating engine using regular PHP files.",
            "homepage": "https://code.herrera.io/php-template",
            "keywords": [
                "templating"
            ]
        }
    ],
    "packages-dev": null,
    "aliases": [

    ],
    "minimum-stability": "stable",
    "stability-flags": [

    ]
}
